
Microsoft Visual Studio Solution File, Format Version 12.00
# Visual Studio 15
VisualStudioVersion = 15.0.28010.2016
MinimumVisualStudioVersion = 10.0.40219.1
Project("{FAE04EC0-301F-11D3-BF4B-00C04F79EFBC}") = "wcfTest", "wcfTest.csproj", "{50A9DC95-33DD-4D13-A86E-CC1DC9532615}"
EndProject
Project("{FAE04EC0-301F-11D3-BF4B-00C04F79EFBC}") = "consoleTest", "..\consoleTest\consoleTest.csproj", "{1E5B8A34-30C0-483E-A097-619A0772B677}"
EndProject
Global
	GlobalSection(SolutionConfigurationPlatforms) = preSolution
		Debug|Any CPU = Debug|Any CPU
		Release|Any CPU = Release|Any CPU
	EndGlobalSection
	GlobalSection(ProjectConfigurationPlatforms) = postSolution
		{50A9DC95-33DD-4D13-A86E-CC1DC9532615}.Debug|Any CPU.ActiveCfg = Debug|Any CPU
		{50A9DC95-33DD-4D13-A86E-CC1DC9532615}.Debug|Any CPU.Build.0 = Debug|Any CPU
		{50A9DC95-33DD-4D13-A86E-CC1DC9532615}.Release|Any CPU.ActiveCfg = Release|Any CPU
		{50A9DC95-33DD-4D13-A86E-CC1DC9532615}.Release|Any CPU.Build.0 = Release|Any CPU
		{1E5B8A34-30C0-483E-A097-619A0772B677}.Debug|Any CPU.ActiveCfg = Debug|Any CPU
		{1E5B8A34-30C0-483E-A097-619A0772B677}.Debug|Any CPU.Build.0 = Debug|Any CPU
		{1E5B8A34-30C0-483E-A097-619A0772B677}.Release|Any CPU.ActiveCfg = Release|Any CPU
		{1E5B8A34-30C0-483E-A097-619A0772B677}.Release|Any CPU.Build.0 = Release|Any CPU
	EndGlobalSection
	GlobalSection(SolutionProperties) = preSolution
		HideSolutionNode = FALSE
	EndGlobalSection
	GlobalSection(ExtensibilityGlobals) = postSolution
		SolutionGuid = {049BD62A-92E0-4C7B-B9AD-E3079CBFCB8F}
	EndGlobalSection
EndGlobal
